// !$*UTF8*$!
{
	archiveVersion = 1;
	classes = {
	};
	objectVersion = 46;
	objects = {

/* Begin PBXBuildFile section */
		490B7AEE1B453DEA004B086C /* GASService.swift in Sources */ = {isa = PBXBuildFile; fileRef = 490B7AED1B453DEA004B086C /* GASService.swift */; };
		4910F1A71B494C78008CE837 /* MyFaresTableViewController.swift in Sources */ = {isa = PBXBuildFile; fileRef = 4910F1A61B494C78008CE837 /* MyFaresTableViewController.swift */; };
		4910F1AC1B494D53008CE837 /* MyFaresTableViewCell.swift in Sources */ = {isa = PBXBuildFile; fileRef = 4910F1AB1B494D53008CE837 /* MyFaresTableViewCell.swift */; };
		4910F1AE1B495A1D008CE837 /* Helper.swift in Sources */ = {isa = PBXBuildFile; fileRef = 4910F1AD1B495A1D008CE837 /* Helper.swift */; };
		4923AB931B759F850046A2A7 /* Podfile in Resources */ = {isa = PBXBuildFile; fileRef = 4923AB921B759F850046A2A7 /* Podfile */; };
		49271FB11B35240B001FD90C /* AppDelegate.swift in Sources */ = {isa = PBXBuildFile; fileRef = 49271FB01B35240B001FD90C /* AppDelegate.swift */; };
		49271FB81B35240B001FD90C /* Main.storyboard in Resources */ = {isa = PBXBuildFile; fileRef = 49271FB61B35240B001FD90C /* Main.storyboard */; };
		49271FBD1B35240B001FD90C /* LaunchScreen.xib in Resources */ = {isa = PBXBuildFile; fileRef = 49271FBB1B35240B001FD90C /* LaunchScreen.xib */; };
		49271FC91B35240B001FD90C /* FlightFareFinderTests.swift in Sources */ = {isa = PBXBuildFile; fileRef = 49271FC81B35240B001FD90C /* FlightFareFinderTests.swift */; };
		49527B001B5D107E00D31240 /* FareNotifications.swift in Sources */ = {isa = PBXBuildFile; fileRef = 49527AFF1B5D107E00D31240 /* FareNotifications.swift */; };
		495375D61B51300700B56C36 /* SettingsViewController.swift in Sources */ = {isa = PBXBuildFile; fileRef = 495375D51B51300700B56C36 /* SettingsViewController.swift */; };
		49797E361B552C1C00250BC8 /* SettingsForm.swift in Sources */ = {isa = PBXBuildFile; fileRef = 49797E351B552C1C00250BC8 /* SettingsForm.swift */; };
		499DCC461B6B85B500DE5946 /* UserService.swift in Sources */ = {isa = PBXBuildFile; fileRef = 499DCC451B6B85B500DE5946 /* UserService.swift */; };
		49B32F201B723D060054B572 /* ExampleConfig.plist in Resources */ = {isa = PBXBuildFile; fileRef = 49B32F1F1B723D060054B572 /* ExampleConfig.plist */; };
		49FECBDC1B679D1B0085ED9F /* Media.xcassets in Resources */ = {isa = PBXBuildFile; fileRef = 49FECBDB1B679D1B0085ED9F /* Media.xcassets */; };
		49FECBDE1B6A19A70085ED9F /* Config.plist in Resources */ = {isa = PBXBuildFile; fileRef = 49FECBDD1B6A19A70085ED9F /* Config.plist */; };
		49FECBE01B6A36E70085ED9F /* README.md in Sources */ = {isa = PBXBuildFile; fileRef = 49FECBDF1B6A36E60085ED9F /* README.md */; };
		5AB99CA6B417886E11BCA896 /* Pods_FlightFareFinder.framework in Frameworks */ = {isa = PBXBuildFile; fileRef = 3180E1BDB2CD9DEB1F832883 /* Pods_FlightFareFinder.framework */; settings = {ATTRIBUTES = (Weak, ); }; };
/* End PBXBuildFile section */

/* Begin PBXContainerItemProxy section */
		49271FC31B35240B001FD90C /* PBXContainerItemProxy */ = {
			isa = PBXContainerItemProxy;
			containerPortal = 49271FA31B35240B001FD90C /* Project object */;
			proxyType = 1;
			remoteGlobalIDString = 49271FAA1B35240B001FD90C;
			remoteInfo = FlightFareFinder;
		};
/* End PBXContainerItemProxy section */

/* Begin PBXCopyFilesBuildPhase section */
		490B7AEC1B453D91004B086C /* Embed Frameworks */ = {
			isa = PBXCopyFilesBuildPhase;
			buildActionMask = 2147483647;
			dstPath = "";
			dstSubfolderSpec = 10;
			files = (
			);
			name = "Embed Frameworks";
			runOnlyForDeploymentPostprocessing = 0;
		};
/* End PBXCopyFilesBuildPhase section */

/* Begin PBXFileReference section */
		3180E1BDB2CD9DEB1F832883 /* Pods_FlightFareFinder.framework */ = {isa = PBXFileReference; explicitFileType = wrapper.framework; includeInIndex = 0; path = Pods_FlightFareFinder.framework; sourceTree = BUILT_PRODUCTS_DIR; };
		490B7AED1B453DEA004B086C /* GASService.swift */ = {isa = PBXFileReference; fileEncoding = 4; lastKnownFileType = sourcecode.swift; path = GASService.swift; sourceTree = "<group>"; };
		4910F1A61B494C78008CE837 /* MyFaresTableViewController.swift */ = {isa = PBXFileReference; fileEncoding = 4; lastKnownFileType = sourcecode.swift; path = MyFaresTableViewController.swift; sourceTree = "<group>"; };
		4910F1AB1B494D53008CE837 /* MyFaresTableViewCell.swift */ = {isa = PBXFileReference; fileEncoding = 4; lastKnownFileType = sourcecode.swift; path = MyFaresTableViewCell.swift; sourceTree = "<group>"; };
		4910F1AD1B495A1D008CE837 /* Helper.swift */ = {isa = PBXFileReference; fileEncoding = 4; lastKnownFileType = sourcecode.swift; path = Helper.swift; sourceTree = "<group>"; };
		4923AB921B759F850046A2A7 /* Podfile */ = {isa = PBXFileReference; fileEncoding = 4; lastKnownFileType = text; path = Podfile; sourceTree = "<group>"; xcLanguageSpecificationIdentifier = xcode.lang.ruby; };
		49271FAB1B35240B001FD90C /* FlightFareFinder.app */ = {isa = PBXFileReference; explicitFileType = wrapper.application; includeInIndex = 0; path = FlightFareFinder.app; sourceTree = BUILT_PRODUCTS_DIR; };
		49271FAF1B35240B001FD90C /* Info.plist */ = {isa = PBXFileReference; lastKnownFileType = text.plist.xml; path = Info.plist; sourceTree = "<group>"; };
		49271FB01B35240B001FD90C /* AppDelegate.swift */ = {isa = PBXFileReference; lastKnownFileType = sourcecode.swift; path = AppDelegate.swift; sourceTree = "<group>"; };
		49271FB71B35240B001FD90C /* Base */ = {isa = PBXFileReference; lastKnownFileType = file.storyboard; name = Base; path = Base.lproj/Main.storyboard; sourceTree = "<group>"; };
		49271FBC1B35240B001FD90C /* Base */ = {isa = PBXFileReference; lastKnownFileType = file.xib; name = Base; path = Base.lproj/LaunchScreen.xib; sourceTree = "<group>"; };
		49271FC21B35240B001FD90C /* FlightFareFinderTests.xctest */ = {isa = PBXFileReference; explicitFileType = wrapper.cfbundle; includeInIndex = 0; path = FlightFareFinderTests.xctest; sourceTree = BUILT_PRODUCTS_DIR; };
		49271FC71B35240B001FD90C /* Info.plist */ = {isa = PBXFileReference; lastKnownFileType = text.plist.xml; path = Info.plist; sourceTree = "<group>"; };
		49271FC81B35240B001FD90C /* FlightFareFinderTests.swift */ = {isa = PBXFileReference; lastKnownFileType = sourcecode.swift; path = FlightFareFinderTests.swift; sourceTree = "<group>"; };
		49527AFF1B5D107E00D31240 /* FareNotifications.swift */ = {isa = PBXFileReference; fileEncoding = 4; lastKnownFileType = sourcecode.swift; path = FareNotifications.swift; sourceTree = "<group>"; };
		495375D51B51300700B56C36 /* SettingsViewController.swift */ = {isa = PBXFileReference; fileEncoding = 4; lastKnownFileType = sourcecode.swift; path = SettingsViewController.swift; sourceTree = "<group>"; };
		49797E351B552C1C00250BC8 /* SettingsForm.swift */ = {isa = PBXFileReference; fileEncoding = 4; lastKnownFileType = sourcecode.swift; path = SettingsForm.swift; sourceTree = "<group>"; };
		497B4970B17413D5A45EB2E6 /* Pods-FlightFareFinder.release.xcconfig */ = {isa = PBXFileReference; includeInIndex = 1; lastKnownFileType = text.xcconfig; name = "Pods-FlightFareFinder.release.xcconfig"; path = "Pods/Target Support Files/Pods-FlightFareFinder/Pods-FlightFareFinder.release.xcconfig"; sourceTree = "<group>"; };
		499DCC451B6B85B500DE5946 /* UserService.swift */ = {isa = PBXFileReference; fileEncoding = 4; lastKnownFileType = sourcecode.swift; path = UserService.swift; sourceTree = "<group>"; };
		49B32F1F1B723D060054B572 /* ExampleConfig.plist */ = {isa = PBXFileReference; fileEncoding = 4; lastKnownFileType = text.plist.xml; path = ExampleConfig.plist; sourceTree = "<group>"; };
		49FECBDB1B679D1B0085ED9F /* Media.xcassets */ = {isa = PBXFileReference; lastKnownFileType = folder.assetcatalog; path = Media.xcassets; sourceTree = "<group>"; };
		49FECBDD1B6A19A70085ED9F /* Config.plist */ = {isa = PBXFileReference; fileEncoding = 4; lastKnownFileType = text.plist.xml; path = Config.plist; sourceTree = "<group>"; };
		49FECBDF1B6A36E60085ED9F /* README.md */ = {isa = PBXFileReference; fileEncoding = 4; lastKnownFileType = net.daringfireball.markdown; path = README.md; sourceTree = "<group>"; };
		6D5617BEAFE06B4FA6DDFDE3 /* Pods-FlightFareFinder.debug.xcconfig */ = {isa = PBXFileReference; includeInIndex = 1; lastKnownFileType = text.xcconfig; name = "Pods-FlightFareFinder.debug.xcconfig"; path = "Pods/Target Support Files/Pods-FlightFareFinder/Pods-FlightFareFinder.debug.xcconfig"; sourceTree = "<group>"; };
/* End PBXFileReference section */

/* Begin PBXFrameworksBuildPhase section */
		49271FA81B35240B001FD90C /* Frameworks */ = {
			isa = PBXFrameworksBuildPhase;
			buildActionMask = 2147483647;
			files = (
				5AB99CA6B417886E11BCA896 /* Pods_FlightFareFinder.framework in Frameworks */,
			);
			runOnlyForDeploymentPostprocessing = 0;
		};
		49271FBF1B35240B001FD90C /* Frameworks */ = {
			isa = PBXFrameworksBuildPhase;
			buildActionMask = 2147483647;
			files = (
			);
			runOnlyForDeploymentPostprocessing = 0;
		};
/* End PBXFrameworksBuildPhase section */

/* Begin PBXGroup section */
		2BF192A26F8832EB1F9BC124 /* Frameworks */ = {
			isa = PBXGroup;
			children = (
				3180E1BDB2CD9DEB1F832883 /* Pods_FlightFareFinder.framework */,
			);
			name = Frameworks;
			sourceTree = "<group>";
		};
		49271FA21B35240B001FD90C = {
			isa = PBXGroup;
			children = (
				4923AB921B759F850046A2A7 /* Podfile */,
				49FECBDF1B6A36E60085ED9F /* README.md */,
				49271FAD1B35240B001FD90C /* FlightFareFinder */,
				49271FC51B35240B001FD90C /* FlightFareFinderTests */,
				49271FAC1B35240B001FD90C /* Products */,
				E61F924184D35190A27E157A /* Pods */,
				2BF192A26F8832EB1F9BC124 /* Frameworks */,
			);
			sourceTree = "<group>";
		};
		49271FAC1B35240B001FD90C /* Products */ = {
			isa = PBXGroup;
			children = (
				49271FAB1B35240B001FD90C /* FlightFareFinder.app */,
				49271FC21B35240B001FD90C /* FlightFareFinderTests.xctest */,
			);
			name = Products;
			sourceTree = "<group>";
		};
		49271FAD1B35240B001FD90C /* FlightFareFinder */ = {
			isa = PBXGroup;
			children = (
				49797E391B552D3200250BC8 /* Controllers */,
				49797E381B552D1800250BC8 /* TableCells */,
				49797E371B552D0500250BC8 /* Services */,
				49797E341B5528BC00250BC8 /* Helpers */,
				49797E331B55288B00250BC8 /* Models */,
				49271FB01B35240B001FD90C /* AppDelegate.swift */,
				49271FB61B35240B001FD90C /* Main.storyboard */,
				49271FBB1B35240B001FD90C /* LaunchScreen.xib */,
				49271FAE1B35240B001FD90C /* Supporting Files */,
				49FECBDB1B679D1B0085ED9F /* Media.xcassets */,
			);
			path = FlightFareFinder;
			sourceTree = "<group>";
		};
		49271FAE1B35240B001FD90C /* Supporting Files */ = {
			isa = PBXGroup;
			children = (
				49B32F1F1B723D060054B572 /* ExampleConfig.plist */,
				49271FAF1B35240B001FD90C /* Info.plist */,
				49FECBDD1B6A19A70085ED9F /* Config.plist */,
			);
			name = "Supporting Files";
			sourceTree = "<group>";
		};
		49271FC51B35240B001FD90C /* FlightFareFinderTests */ = {
			isa = PBXGroup;
			children = (
				49271FC81B35240B001FD90C /* FlightFareFinderTests.swift */,
				49271FC61B35240B001FD90C /* Supporting Files */,
			);
			path = FlightFareFinderTests;
			sourceTree = "<group>";
		};
		49271FC61B35240B001FD90C /* Supporting Files */ = {
			isa = PBXGroup;
			children = (
				49271FC71B35240B001FD90C /* Info.plist */,
			);
			name = "Supporting Files";
			sourceTree = "<group>";
		};
		49797E331B55288B00250BC8 /* Models */ = {
			isa = PBXGroup;
			children = (
				49797E351B552C1C00250BC8 /* SettingsForm.swift */,
			);
			name = Models;
			sourceTree = "<group>";
		};
		49797E341B5528BC00250BC8 /* Helpers */ = {
			isa = PBXGroup;
			children = (
				4910F1AD1B495A1D008CE837 /* Helper.swift */,
				49527AFF1B5D107E00D31240 /* FareNotifications.swift */,
			);
			name = Helpers;
			sourceTree = "<group>";
		};
		49797E371B552D0500250BC8 /* Services */ = {
			isa = PBXGroup;
			children = (
				499DCC451B6B85B500DE5946 /* UserService.swift */,
				490B7AED1B453DEA004B086C /* GASService.swift */,
			);
			name = Services;
			sourceTree = "<group>";
		};
		49797E381B552D1800250BC8 /* TableCells */ = {
			isa = PBXGroup;
			children = (
				4910F1AB1B494D53008CE837 /* MyFaresTableViewCell.swift */,
			);
			name = TableCells;
			sourceTree = "<group>";
		};
		49797E391B552D3200250BC8 /* Controllers */ = {
			isa = PBXGroup;
			children = (
				4910F1A61B494C78008CE837 /* MyFaresTableViewController.swift */,
				495375D51B51300700B56C36 /* SettingsViewController.swift */,
			);
			name = Controllers;
			sourceTree = "<group>";
		};
		E61F924184D35190A27E157A /* Pods */ = {
			isa = PBXGroup;
			children = (
				6D5617BEAFE06B4FA6DDFDE3 /* Pods-FlightFareFinder.debug.xcconfig */,
				497B4970B17413D5A45EB2E6 /* Pods-FlightFareFinder.release.xcconfig */,
			);
			name = Pods;
			sourceTree = "<group>";
		};
/* End PBXGroup section */

/* Begin PBXNativeTarget section */
		49271FAA1B35240B001FD90C /* FlightFareFinder */ = {
			isa = PBXNativeTarget;
			buildConfigurationList = 49271FCC1B35240B001FD90C /* Build configuration list for PBXNativeTarget "FlightFareFinder" */;
			buildPhases = (
				4057DC2EC936A9782D49D607 /* Check Pods Manifest.lock */,
				49271FA71B35240B001FD90C /* Sources */,
				49271FA81B35240B001FD90C /* Frameworks */,
				49271FA91B35240B001FD90C /* Resources */,
				490B7AEC1B453D91004B086C /* Embed Frameworks */,
				D9087BCDDB74094A9CD85F85 /* Embed Pods Frameworks */,
				1CD8F35DEB7AE957424CA7CA /* Copy Pods Resources */,
				496FC86A1B87559600161C0A /* ShellScript */,
			);
			buildRules = (
			);
			dependencies = (
			);
			name = FlightFareFinder;
			productName = FlightFareFinder;
			productReference = 49271FAB1B35240B001FD90C /* FlightFareFinder.app */;
			productType = "com.apple.product-type.application";
		};
		49271FC11B35240B001FD90C /* FlightFareFinderTests */ = {
			isa = PBXNativeTarget;
			buildConfigurationList = 49271FCF1B35240B001FD90C /* Build configuration list for PBXNativeTarget "FlightFareFinderTests" */;
			buildPhases = (
				49271FBE1B35240B001FD90C /* Sources */,
				49271FBF1B35240B001FD90C /* Frameworks */,
				49271FC01B35240B001FD90C /* Resources */,
			);
			buildRules = (
			);
			dependencies = (
				49271FC41B35240B001FD90C /* PBXTargetDependency */,
			);
			name = FlightFareFinderTests;
			productName = FlightFareFinderTests;
			productReference = 49271FC21B35240B001FD90C /* FlightFareFinderTests.xctest */;
			productType = "com.apple.product-type.bundle.unit-test";
		};
/* End PBXNativeTarget section */

/* Begin PBXProject section */
		49271FA31B35240B001FD90C /* Project object */ = {
			isa = PBXProject;
			attributes = {
				LastSwiftUpdateCheck = 0700;
				LastUpgradeCheck = 0700;
				ORGANIZATIONNAME = "Andrew Ford";
				TargetAttributes = {
					49271FAA1B35240B001FD90C = {
						CreatedOnToolsVersion = 6.3.2;
						DevelopmentTeam = 488BRDJ322;
						SystemCapabilities = {
							com.apple.BackgroundModes = {
								enabled = 1;
							};
						};
					};
					49271FC11B35240B001FD90C = {
						CreatedOnToolsVersion = 6.3.2;
						TestTargetID = 49271FAA1B35240B001FD90C;
					};
				};
			};
			buildConfigurationList = 49271FA61B35240B001FD90C /* Build configuration list for PBXProject "FlightFareFinder" */;
			compatibilityVersion = "Xcode 3.2";
			developmentRegion = English;
			hasScannedForEncodings = 0;
			knownRegions = (
				en,
				Base,
			);
			mainGroup = 49271FA21B35240B001FD90C;
			productRefGroup = 49271FAC1B35240B001FD90C /* Products */;
			projectDirPath = "";
			projectRoot = "";
			targets = (
				49271FAA1B35240B001FD90C /* FlightFareFinder */,
				49271FC11B35240B001FD90C /* FlightFareFinderTests */,
			);
		};
/* End PBXProject section */

/* Begin PBXResourcesBuildPhase section */
		49271FA91B35240B001FD90C /* Resources */ = {
			isa = PBXResourcesBuildPhase;
			buildActionMask = 2147483647;
			files = (
				49271FB81B35240B001FD90C /* Main.storyboard in Resources */,
				49FECBDC1B679D1B0085ED9F /* Media.xcassets in Resources */,
				49FECBDE1B6A19A70085ED9F /* Config.plist in Resources */,
				49271FBD1B35240B001FD90C /* LaunchScreen.xib in Resources */,
				4923AB931B759F850046A2A7 /* Podfile in Resources */,
				49B32F201B723D060054B572 /* ExampleConfig.plist in Resources */,
			);
			runOnlyForDeploymentPostprocessing = 0;
		};
		49271FC01B35240B001FD90C /* Resources */ = {
			isa = PBXResourcesBuildPhase;
			buildActionMask = 2147483647;
			files = (
			);
			runOnlyForDeploymentPostprocessing = 0;
		};
/* End PBXResourcesBuildPhase section */

/* Begin PBXShellScriptBuildPhase section */
		1CD8F35DEB7AE957424CA7CA /* Copy Pods Resources */ = {
			isa = PBXShellScriptBuildPhase;
			buildActionMask = 2147483647;
			files = (
			);
			inputPaths = (
			);
			name = "Copy Pods Resources";
			outputPaths = (
			);
			runOnlyForDeploymentPostprocessing = 0;
			shellPath = /bin/sh;
			shellScript = "\"${SRCROOT}/Pods/Target Support Files/Pods-FlightFareFinder/Pods-FlightFareFinder-resources.sh\"\n";
			showEnvVarsInLog = 0;
		};
		4057DC2EC936A9782D49D607 /* Check Pods Manifest.lock */ = {
			isa = PBXShellScriptBuildPhase;
			buildActionMask = 2147483647;
			files = (
			);
			inputPaths = (
			);
			name = "Check Pods Manifest.lock";
			outputPaths = (
			);
			runOnlyForDeploymentPostprocessing = 0;
			shellPath = /bin/sh;
			shellScript = "diff \"${PODS_ROOT}/../Podfile.lock\" \"${PODS_ROOT}/Manifest.lock\" > /dev/null\nif [[ $? != 0 ]] ; then\n    cat << EOM\nerror: The sandbox is not in sync with the Podfile.lock. Run 'pod install' or update your CocoaPods installation.\nEOM\n    exit 1\nfi\n";
			showEnvVarsInLog = 0;
		};
		496FC86A1B87559600161C0A /* ShellScript */ = {
			isa = PBXShellScriptBuildPhase;
			buildActionMask = 2147483647;
			files = (
			);
			inputPaths = (
			);
			outputPaths = (
			);
			runOnlyForDeploymentPostprocessing = 0;
			shellPath = /bin/sh;
			shellScript = "\"${PODS_ROOT}/Fabric/Fabric.framework/run\" 468942f069ef59f66115a6ecab1769c3cc489684 07e45a6b81a7d73793c3b9888c0e01acb975b6bc6287ca652e764cecfbb77f18";
		};
		D9087BCDDB74094A9CD85F85 /* Embed Pods Frameworks */ = {
			isa = PBXShellScriptBuildPhase;
			buildActionMask = 2147483647;
			files = (
			);
			inputPaths = (
			);
			name = "Embed Pods Frameworks";
			outputPaths = (
			);
			runOnlyForDeploymentPostprocessing = 0;
			shellPath = /bin/sh;
			shellScript = "\"${SRCROOT}/Pods/Target Support Files/Pods-FlightFareFinder/Pods-FlightFareFinder-frameworks.sh\"\n";
			showEnvVarsInLog = 0;
		};
/* End PBXShellScriptBuildPhase section */

/* Begin PBXSourcesBuildPhase section */
		49271FA71B35240B001FD90C /* Sources */ = {
			isa = PBXSourcesBuildPhase;
			buildActionMask = 2147483647;
			files = (
				4910F1AE1B495A1D008CE837 /* Helper.swift in Sources */,
				49797E361B552C1C00250BC8 /* SettingsForm.swift in Sources */,
				49FECBE01B6A36E70085ED9F /* README.md in Sources */,
				4910F1A71B494C78008CE837 /* MyFaresTableViewController.swift in Sources */,
				49271FB11B35240B001FD90C /* AppDelegate.swift in Sources */,
				495375D61B51300700B56C36 /* SettingsViewController.swift in Sources */,
				490B7AEE1B453DEA004B086C /* GASService.swift in Sources */,
				499DCC461B6B85B500DE5946 /* UserService.swift in Sources */,
				49527B001B5D107E00D31240 /* FareNotifications.swift in Sources */,
				4910F1AC1B494D53008CE837 /* MyFaresTableViewCell.swift in Sources */,
			);
			runOnlyForDeploymentPostprocessing = 0;
		};
		49271FBE1B35240B001FD90C /* Sources */ = {
			isa = PBXSourcesBuildPhase;
			buildActionMask = 2147483647;
			files = (
				49271FC91B35240B001FD90C /* FlightFareFinderTests.swift in Sources */,
			);
			runOnlyForDeploymentPostprocessing = 0;
		};
/* End PBXSourcesBuildPhase section */

/* Begin PBXTargetDependency section */
		49271FC41B35240B001FD90C /* PBXTargetDependency */ = {
			isa = PBXTargetDependency;
			target = 49271FAA1B35240B001FD90C /* FlightFareFinder */;
			targetProxy = 49271FC31B35240B001FD90C /* PBXContainerItemProxy */;
		};
/* End PBXTargetDependency section */

/* Begin PBXVariantGroup section */
		49271FB61B35240B001FD90C /* Main.storyboard */ = {
			isa = PBXVariantGroup;
			children = (
				49271FB71B35240B001FD90C /* Base */,
			);
			name = Main.storyboard;
			sourceTree = "<group>";
		};
		49271FBB1B35240B001FD90C /* LaunchScreen.xib */ = {
			isa = PBXVariantGroup;
			children = (
				49271FBC1B35240B001FD90C /* Base */,
			);
			name = LaunchScreen.xib;
			sourceTree = "<group>";
		};
/* End PBXVariantGroup section */

/* Begin XCBuildConfiguration section */
		49271FCA1B35240B001FD90C /* Debug */ = {
			isa = XCBuildConfiguration;
			buildSettings = {
				ALWAYS_SEARCH_USER_PATHS = NO;
				CLANG_CXX_LANGUAGE_STANDARD = "gnu++0x";
				CLANG_CXX_LIBRARY = "libc++";
				CLANG_ENABLE_MODULES = YES;
				CLANG_ENABLE_OBJC_ARC = YES;
				CLANG_WARN_BOOL_CONVERSION = YES;
				CLANG_WARN_CONSTANT_CONVERSION = YES;
				CLANG_WARN_DIRECT_OBJC_ISA_USAGE = YES_ERROR;
				CLANG_WARN_EMPTY_BODY = YES;
				CLANG_WARN_ENUM_CONVERSION = YES;
				CLANG_WARN_INT_CONVERSION = YES;
				CLANG_WARN_OBJC_ROOT_CLASS = YES_ERROR;
				CLANG_WARN_UNREACHABLE_CODE = YES;
				CLANG_WARN__DUPLICATE_METHOD_MATCH = YES;
				"CODE_SIGN_IDENTITY[sdk=iphoneos*]" = "iPhone Developer";
				COPY_PHASE_STRIP = NO;
				DEBUG_INFORMATION_FORMAT = "dwarf-with-dsym";
				ENABLE_STRICT_OBJC_MSGSEND = YES;
				ENABLE_TESTABILITY = YES;
				GCC_C_LANGUAGE_STANDARD = gnu99;
				GCC_DYNAMIC_NO_PIC = NO;
				GCC_NO_COMMON_BLOCKS = YES;
				GCC_OPTIMIZATION_LEVEL = 0;
				GCC_PREPROCESSOR_DEFINITIONS = (
					"DEBUG=1",
					"$(inherited)",
				);
				GCC_SYMBOLS_PRIVATE_EXTERN = NO;
				GCC_WARN_64_TO_32_BIT_CONVERSION = YES;
				GCC_WARN_ABOUT_RETURN_TYPE = YES_ERROR;
				GCC_WARN_UNDECLARED_SELECTOR = YES;
				GCC_WARN_UNINITIALIZED_AUTOS = YES_AGGRESSIVE;
				GCC_WARN_UNUSED_FUNCTION = YES;
				GCC_WARN_UNUSED_VARIABLE = YES;
				IPHONEOS_DEPLOYMENT_TARGET = 8.3;
				MTL_ENABLE_DEBUG_INFO = YES;
				ONLY_ACTIVE_ARCH = YES;
				SDKROOT = iphoneos;
				SWIFT_OPTIMIZATION_LEVEL = "-Onone";
				TARGETED_DEVICE_FAMILY = "1,2";
			};
			name = Debug;
		};
		49271FCB1B35240B001FD90C /* Release */ = {
			isa = XCBuildConfiguration;
			buildSettings = {
				ALWAYS_SEARCH_USER_PATHS = NO;
				CLANG_CXX_LANGUAGE_STANDARD = "gnu++0x";
				CLANG_CXX_LIBRARY = "libc++";
				CLANG_ENABLE_MODULES = YES;
				CLANG_ENABLE_OBJC_ARC = YES;
				CLANG_WARN_BOOL_CONVERSION = YES;
				CLANG_WARN_CONSTANT_CONVERSION = YES;
				CLANG_WARN_DIRECT_OBJC_ISA_USAGE = YES_ERROR;
				CLANG_WARN_EMPTY_BODY = YES;
				CLANG_WARN_ENUM_CONVERSION = YES;
				CLANG_WARN_INT_CONVERSION = YES;
				CLANG_WARN_OBJC_ROOT_CLASS = YES_ERROR;
				CLANG_WARN_UNREACHABLE_CODE = YES;
				CLANG_WARN__DUPLICATE_METHOD_MATCH = YES;
				"CODE_SIGN_IDENTITY[sdk=iphoneos*]" = "iPhone Developer";
				COPY_PHASE_STRIP = NO;
				DEBUG_INFORMATION_FORMAT = "dwarf-with-dsym";
				ENABLE_NS_ASSERTIONS = NO;
				ENABLE_STRICT_OBJC_MSGSEND = YES;
				GCC_C_LANGUAGE_STANDARD = gnu99;
				GCC_NO_COMMON_BLOCKS = YES;
				GCC_WARN_64_TO_32_BIT_CONVERSION = YES;
				GCC_WARN_ABOUT_RETURN_TYPE = YES_ERROR;
				GCC_WARN_UNDECLARED_SELECTOR = YES;
				GCC_WARN_UNINITIALIZED_AUTOS = YES_AGGRESSIVE;
				GCC_WARN_UNUSED_FUNCTION = YES;
				GCC_WARN_UNUSED_VARIABLE = YES;
				IPHONEOS_DEPLOYMENT_TARGET = 8.3;
				MTL_ENABLE_DEBUG_INFO = NO;
				SDKROOT = iphoneos;
				TARGETED_DEVICE_FAMILY = "1,2";
				VALIDATE_PRODUCT = YES;
			};
			name = Release;
		};
		49271FCD1B35240B001FD90C /* Debug */ = {
			isa = XCBuildConfiguration;
			baseConfigurationReference = 6D5617BEAFE06B4FA6DDFDE3 /* Pods-FlightFareFinder.debug.xcconfig */;
			buildSettings = {
				ASSETCATALOG_COMPILER_APPICON_NAME = AppIcon;
				CODE_SIGN_IDENTITY = "iPhone Developer";
				"CODE_SIGN_IDENTITY[sdk=iphoneos*]" = "iPhone Developer";
				EMBEDDED_CONTENT_CONTAINS_SWIFT = YES;
				ENABLE_BITCODE = NO;
				INFOPLIST_FILE = FlightFareFinder/Info.plist;
				IPHONEOS_DEPLOYMENT_TARGET = 8.4;
				LD_RUNPATH_SEARCH_PATHS = "$(inherited) @executable_path/Frameworks";
				PRODUCT_BUNDLE_IDENTIFIER = "andrewford.com.$(PRODUCT_NAME:rfc1034identifier)";
				PRODUCT_NAME = "$(TARGET_NAME)";
				PROVISIONING_PROFILE = "";
				SWIFT_INSTALL_OBJC_HEADER = YES;
				SWIFT_OBJC_BRIDGING_HEADER = "";
			};
			name = Debug;
		};
		49271FCE1B35240B001FD90C /* Release */ = {
			isa = XCBuildConfiguration;
			baseConfigurationReference = 497B4970B17413D5A45EB2E6 /* Pods-FlightFareFinder.release.xcconfig */;
			buildSettings = {
				ASSETCATALOG_COMPILER_APPICON_NAME = AppIcon;
				CODE_SIGN_IDENTITY = "iPhone Developer";
				"CODE_SIGN_IDENTITY[sdk=iphoneos*]" = "iPhone Developer";
				EMBEDDED_CONTENT_CONTAINS_SWIFT = YES;
				ENABLE_BITCODE = NO;
				INFOPLIST_FILE = FlightFareFinder/Info.plist;
				IPHONEOS_DEPLOYMENT_TARGET = 8.4;
				LD_RUNPATH_SEARCH_PATHS = "$(inherited) @executable_path/Frameworks";
				PRODUCT_BUNDLE_IDENTIFIER = "andrewford.com.$(PRODUCT_NAME:rfc1034identifier)";
				PRODUCT_NAME = "$(TARGET_NAME)";
				PROVISIONING_PROFILE = "";
				SWIFT_INSTALL_OBJC_HEADER = YES;
				SWIFT_OBJC_BRIDGING_HEADER = "";
			};
			name = Release;
		};
		49271FD01B35240B001FD90C /* Debug */ = {
			isa = XCBuildConfiguration;
			buildSettings = {
				BUNDLE_LOADER = "$(TEST_HOST)";
				FRAMEWORK_SEARCH_PATHS = (
					"$(SDKROOT)/Developer/Library/Frameworks",
					"$(inherited)",
				);
				GCC_PREPROCESSOR_DEFINITIONS = (
					"DEBUG=1",
					"$(inherited)",
				);
				INFOPLIST_FILE = FlightFareFinderTests/Info.plist;
				LD_RUNPATH_SEARCH_PATHS = "$(inherited) @executable_path/Frameworks @loader_path/Frameworks";
				PRODUCT_BUNDLE_IDENTIFIER = "andrewford.com.$(PRODUCT_NAME:rfc1034identifier)";
				PRODUCT_NAME = "$(TARGET_NAME)";
				TEST_HOST = "$(BUILT_PRODUCTS_DIR)/FlightFareFinder.app/FlightFareFinder";
			};
			name = Debug;
		};
		49271FD11B35240B001FD90C /* Release */ = {
			isa = XCBuildConfiguration;
			buildSettings = {
				BUNDLE_LOADER = "$(TEST_HOST)";
				FRAMEWORK_SEARCH_PATHS = (
					"$(SDKROOT)/Developer/Library/Frameworks",
					"$(inherited)",
				);
				INFOPLIST_FILE = FlightFareFinderTests/Info.plist;
				LD_RUNPATH_SEARCH_PATHS = "$(inherited) @executable_path/Frameworks @loader_path/Frameworks";
				PRODUCT_BUNDLE_IDENTIFIER = "andrewford.com.$(PRODUCT_NAME:rfc1034identifier)";
				PRODUCT_NAME = "$(TARGET_NAME)";
				TEST_HOST = "$(BUILT_PRODUCTS_DIR)/FlightFareFinder.app/FlightFareFinder";
			};
			name = Release;
		};
/* End XCBuildConfiguration section */

/* Begin XCConfigurationList section */
		49271FA61B35240B001FD90C /* Build configuration list for PBXProject "FlightFareFinder" */ = {
			isa = XCConfigurationList;
			buildConfigurations = (
				49271FCA1B35240B001FD90C /* Debug */,
				49271FCB1B35240B001FD90C /* Release */,
			);
			defaultConfigurationIsVisible = 0;
			defaultConfigurationName = Release;
		};
		49271FCC1B35240B001FD90C /* Build configuration list for PBXNativeTarget "FlightFareFinder" */ = {
			isa = XCConfigurationList;
			buildConfigurations = (
				49271FCD1B35240B001FD90C /* Debug */,
				49271FCE1B35240B001FD90C /* Release */,
			);
			defaultConfigurationIsVisible = 0;
			defaultConfigurationName = Release;
		};
		49271FCF1B35240B001FD90C /* Build configuration list for PBXNativeTarget "FlightFareFinderTests" */ = {
			isa = XCConfigurationList;
			buildConfigurations = (
				49271FD01B35240B001FD90C /* Debug */,
				49271FD11B35240B001FD90C /* Release */,
			);
			defaultConfigurationIsVisible = 0;
			defaultConfigurationName = Release;
		};
/* End XCConfigurationList section */
	};
	rootObject = 49271FA31B35240B001FD90C /* Project object */;
}
